
Microsoft Visual Studio Solution File, Format Version 12.00
# Visual Studio Version 17
VisualStudioVersion = 17.0.31903.59
MinimumVisualStudioVersion = 10.0.40219.1
Project("{FAE04EC0-301F-11D3-BF4B-00C04F79EFBC}") = "cli", "cli\cli.csproj", "{99AF8EC5-31BA-4838-89A7-4C885ACADBF5}"
EndProject
Project("{FAE04EC0-301F-11D3-BF4B-00C04F79EFBC}") = "triaxis.Data.SqlImportExport", "..\src\triaxis.Data.SqlImportExport\triaxis.Data.SqlImportExport.csproj", "{C19CF674-76E4-4B7F-BD3D-268291213452}"
EndProject
Global
	GlobalSection(SolutionConfigurationPlatforms) = preSolution
		Debug|Any CPU = Debug|Any CPU
		Release|Any CPU = Release|Any CPU
	EndGlobalSection
	GlobalSection(SolutionProperties) = preSolution
		HideSolutionNode = FALSE
	EndGlobalSection
	GlobalSection(ProjectConfigurationPlatforms) = postSolution
		{99AF8EC5-31BA-4838-89A7-4C885ACADBF5}.Debug|Any CPU.ActiveCfg = Debug|Any CPU
		{99AF8EC5-31BA-4838-89A7-4C885ACADBF5}.Debug|Any CPU.Build.0 = Debug|Any CPU
		{99AF8EC5-31BA-4838-89A7-4C885ACADBF5}.Release|Any CPU.ActiveCfg = Release|Any CPU
		{99AF8EC5-31BA-4838-89A7-4C885ACADBF5}.Release|Any CPU.Build.0 = Release|Any CPU
		{C19CF674-76E4-4B7F-BD3D-268291213452}.Debug|Any CPU.ActiveCfg = Debug|Any CPU
		{C19CF674-76E4-4B7F-BD3D-268291213452}.Debug|Any CPU.Build.0 = Debug|Any CPU
		{C19CF674-76E4-4B7F-BD3D-268291213452}.Release|Any CPU.ActiveCfg = Release|Any CPU
		{C19CF674-76E4-4B7F-BD3D-268291213452}.Release|Any CPU.Build.0 = Release|Any CPU
	EndGlobalSection
EndGlobal
